
Microsoft Visual Studio Solution File, Format Version 12.00
# Visual Studio Version 17
VisualStudioVersion = 17.4.33205.214
MinimumVisualStudioVersion = 10.0.40219.1
Project("{FAE04EC0-301F-11D3-BF4B-00C04F79EFBC}") = "Card.Backend", "Card\Card.Backend.csproj", "{4C902012-C789-4560-BC5E-3DB67DE6BC64}"
EndProject
Global
	GlobalSection(SolutionConfigurationPlatforms) = preSolution
		Debug|Any CPU = Debug|Any CPU
		Release|Any CPU = Release|Any CPU
	EndGlobalSection
	GlobalSection(ProjectConfigurationPlatforms) = postSolution
		{4C902012-C789-4560-BC5E-3DB67DE6BC64}.Debug|Any CPU.ActiveCfg = Debug|Any CPU
		{4C902012-C789-4560-BC5E-3DB67DE6BC64}.Debug|Any CPU.Build.0 = Debug|Any CPU
		{4C902012-C789-4560-BC5E-3DB67DE6BC64}.Release|Any CPU.ActiveCfg = Release|Any CPU
		{4C902012-C789-4560-BC5E-3DB67DE6BC64}.Release|Any CPU.Build.0 = Release|Any CPU
	EndGlobalSection
	GlobalSection(SolutionProperties) = preSolution
		HideSolutionNode = FALSE
	EndGlobalSection
	GlobalSection(ExtensibilityGlobals) = postSolution
		SolutionGuid = {6F518606-1C05-4303-A0C2-318537DEDEEB}
	EndGlobalSection
EndGlobal
